
Microsoft Visual Studio Solution File, Format Version 12.00
# Visual Studio Version 16
VisualStudioVersion = 16.0.28516.95
MinimumVisualStudioVersion = 10.0.40219.1
Project("{F184B08F-C81C-45F6-A57F-5ABD9991F28F}") = "WindowsFormsApp", "WindowsFormsApp.vbproj", "{F4D51440-4F66-489C-9CC2-411D8C1C3166}"
EndProject
Global
	GlobalSection(SolutionConfigurationPlatforms) = preSolution
		Debug|Any CPU = Debug|Any CPU
		Release|Any CPU = Release|Any CPU
	EndGlobalSection
	GlobalSection(ProjectConfigurationPlatforms) = postSolution
		{F4D51440-4F66-489C-9CC2-411D8C1C3166}.Debug|Any CPU.ActiveCfg = Debug|Any CPU
		{F4D51440-4F66-489C-9CC2-411D8C1C3166}.Debug|Any CPU.Build.0 = Debug|Any CPU
		{F4D51440-4F66-489C-9CC2-411D8C1C3166}.Release|Any CPU.ActiveCfg = Release|Any CPU
		{F4D51440-4F66-489C-9CC2-411D8C1C3166}.Release|Any CPU.Build.0 = Release|Any CPU
	EndGlobalSection
	GlobalSection(SolutionProperties) = preSolution
		HideSolutionNode = FALSE
	EndGlobalSection
	GlobalSection(ExtensibilityGlobals) = postSolution
		SolutionGuid = {9DCC74EA-5BE3-49ED-B91B-F8A1B8C3E5F7}
	EndGlobalSection
EndGlobal
